// !$*UTF8*$!
{
	archiveVersion = 1;
	classes = {
	};
	objectVersion = 55;
	objects = {

/* Begin PBXBuildFile section */
		BCD6C19928333EA00047223C /* AppDelegate.swift in Sources */ = {isa = PBXBuildFile; fileRef = BCD6C19828333EA00047223C /* AppDelegate.swift */; };
		BCD6C19B28333EA00047223C /* SceneDelegate.swift in Sources */ = {isa = PBXBuildFile; fileRef = BCD6C19A28333EA00047223C /* SceneDelegate.swift */; };
		BCD6C19D28333EA00047223C /* ViewController.swift in Sources */ = {isa = PBXBuildFile; fileRef = BCD6C19C28333EA00047223C /* ViewController.swift */; };
		BCD6C1A028333EA00047223C /* Main.storyboard in Resources */ = {isa = PBXBuildFile; fileRef = BCD6C19E28333EA00047223C /* Main.storyboard */; };
		BCD6C1A228333EA00047223C /* Assets.xcassets in Resources */ = {isa = PBXBuildFile; fileRef = BCD6C1A128333EA00047223C /* Assets.xcassets */; };
		BCD6C1A528333EA00047223C /* LaunchScreen.storyboard in Resources */ = {isa = PBXBuildFile; fileRef = BCD6C1A328333EA00047223C /* LaunchScreen.storyboard */; };
		BCD6C1B028333EA00047223C /* EducationMapsTests.swift in Sources */ = {isa = PBXBuildFile; fileRef = BCD6C1AF28333EA00047223C /* EducationMapsTests.swift */; };
		BCD6C1BA28333EA00047223C /* EducationMapsUITests.swift in Sources */ = {isa = PBXBuildFile; fileRef = BCD6C1B928333EA00047223C /* EducationMapsUITests.swift */; };
		BCD6C1BC28333EA00047223C /* EducationMapsUITestsLaunchTests.swift in Sources */ = {isa = PBXBuildFile; fileRef = BCD6C1BB28333EA00047223C /* EducationMapsUITestsLaunchTests.swift */; };
/* End PBXBuildFile section */

/* Begin PBXContainerItemProxy section */
		BCD6C1AC28333EA00047223C /* PBXContainerItemProxy */ = {
			isa = PBXContainerItemProxy;
			containerPortal = BCD6C18D28333EA00047223C /* Project object */;
			proxyType = 1;
			remoteGlobalIDString = BCD6C19428333EA00047223C;
			remoteInfo = EducationMaps;
		};
		BCD6C1B628333EA00047223C /* PBXContainerItemProxy */ = {
			isa = PBXContainerItemProxy;
			containerPortal = BCD6C18D28333EA00047223C /* Project object */;
			proxyType = 1;
			remoteGlobalIDString = BCD6C19428333EA00047223C;
			remoteInfo = EducationMaps;
		};
/* End PBXContainerItemProxy section */

/* Begin PBXFileReference section */
		BCD6C19528333EA00047223C /* EducationMaps.app */ = {isa = PBXFileReference; explicitFileType = wrapper.application; includeInIndex = 0; path = EducationMaps.app; sourceTree = BUILT_PRODUCTS_DIR; };
		BCD6C19828333EA00047223C /* AppDelegate.swift */ = {isa = PBXFileReference; lastKnownFileType = sourcecode.swift; path = AppDelegate.swift; sourceTree = "<group>"; };
		BCD6C19A28333EA00047223C /* SceneDelegate.swift */ = {isa = PBXFileReference; lastKnownFileType = sourcecode.swift; path = SceneDelegate.swift; sourceTree = "<group>"; };
		BCD6C19C28333EA00047223C /* ViewController.swift */ = {isa = PBXFileReference; lastKnownFileType = sourcecode.swift; path = ViewController.swift; sourceTree = "<group>"; };
		BCD6C19F28333EA00047223C /* Base */ = {isa = PBXFileReference; lastKnownFileType = file.storyboard; name = Base; path = Base.lproj/Main.storyboard; sourceTree = "<group>"; };
		BCD6C1A128333EA00047223C /* Assets.xcassets */ = {isa = PBXFileReference; lastKnownFileType = folder.assetcatalog; path = Assets.xcassets; sourceTree = "<group>"; };
		BCD6C1A428333EA00047223C /* Base */ = {isa = PBXFileReference; lastKnownFileType = file.storyboard; name = Base; path = Base.lproj/LaunchScreen.storyboard; sourceTree = "<group>"; };
		BCD6C1A628333EA00047223C /* Info.plist */ = {isa = PBXFileReference; lastKnownFileType = text.plist.xml; path = Info.plist; sourceTree = "<group>"; };
		BCD6C1AB28333EA00047223C /* EducationMapsTests.xctest */ = {isa = PBXFileReference; explicitFileType = wrapper.cfbundle; includeInIndex = 0; path = EducationMapsTests.xctest; sourceTree = BUILT_PRODUCTS_DIR; };
		BCD6C1AF28333EA00047223C /* EducationMapsTests.swift */ = {isa = PBXFileReference; lastKnownFileType = sourcecode.swift; path = EducationMapsTests.swift; sourceTree = "<group>"; };
		BCD6C1B528333EA00047223C /* EducationMapsUITests.xctest */ = {isa = PBXFileReference; explicitFileType = wrapper.cfbundle; includeInIndex = 0; path = EducationMapsUITests.xctest; sourceTree = BUILT_PRODUCTS_DIR; };
		BCD6C1B928333EA00047223C /* EducationMapsUITests.swift */ = {isa = PBXFileReference; lastKnownFileType = sourcecode.swift; path = EducationMapsUITests.swift; sourceTree = "<group>"; };
		BCD6C1BB28333EA00047223C /* EducationMapsUITestsLaunchTests.swift */ = {isa = PBXFileReference; lastKnownFileType = sourcecode.swift; path = EducationMapsUITestsLaunchTests.swift; sourceTree = "<group>"; };
/* End PBXFileReference section */

/* Begin PBXFrameworksBuildPhase section */
		BCD6C19228333EA00047223C /* Frameworks */ = {
			isa = PBXFrameworksBuildPhase;
			buildActionMask = 2147483647;
			files = (
			);
			runOnlyForDeploymentPostprocessing = 0;
		};
		BCD6C1A828333EA00047223C /* Frameworks */ = {
			isa = PBXFrameworksBuildPhase;
			buildActionMask = 2147483647;
			files = (
			);
			runOnlyForDeploymentPostprocessing = 0;
		};
		BCD6C1B228333EA00047223C /* Frameworks */ = {
			isa = PBXFrameworksBuildPhase;
			buildActionMask = 2147483647;
			files = (
			);
			runOnlyForDeploymentPostprocessing = 0;
		};
/* End PBXFrameworksBuildPhase section */

/* Begin PBXGroup section */
		BCD6C18C28333EA00047223C = {
			isa = PBXGroup;
			children = (
				BCD6C19728333EA00047223C /* EducationMaps */,
				BCD6C1AE28333EA00047223C /* EducationMapsTests */,
				BCD6C1B828333EA00047223C /* EducationMapsUITests */,
				BCD6C19628333EA00047223C /* Products */,
			);
			sourceTree = "<group>";
		};
		BCD6C19628333EA00047223C /* Products */ = {
			isa = PBXGroup;
			children = (
				BCD6C19528333EA00047223C /* EducationMaps.app */,
				BCD6C1AB28333EA00047223C /* EducationMapsTests.xctest */,
				BCD6C1B528333EA00047223C /* EducationMapsUITests.xctest */,
			);
			name = Products;
			sourceTree = "<group>";
		};
		BCD6C19728333EA00047223C /* EducationMaps */ = {
			isa = PBXGroup;
			children = (
				BCD6C19828333EA00047223C /* AppDelegate.swift */,
				BCD6C19A28333EA00047223C /* SceneDelegate.swift */,
				BCD6C19C28333EA00047223C /* ViewController.swift */,
				BCD6C19E28333EA00047223C /* Main.storyboard */,
				BCD6C1A128333EA00047223C /* Assets.xcassets */,
				BCD6C1A328333EA00047223C /* LaunchScreen.storyboard */,
				BCD6C1A628333EA00047223C /* Info.plist */,
			);
			path = EducationMaps;
			sourceTree = "<group>";
		};
		BCD6C1AE28333EA00047223C /* EducationMapsTests */ = {
			isa = PBXGroup;
			children = (
				BCD6C1AF28333EA00047223C /* EducationMapsTests.swift */,
			);
			path = EducationMapsTests;
			sourceTree = "<group>";
		};
		BCD6C1B828333EA00047223C /* EducationMapsUITests */ = {
			isa = PBXGroup;
			children = (
				BCD6C1B928333EA00047223C /* EducationMapsUITests.swift */,
				BCD6C1BB28333EA00047223C /* EducationMapsUITestsLaunchTests.swift */,
			);
			path = EducationMapsUITests;
			sourceTree = "<group>";
		};
/* End PBXGroup section */

/* Begin PBXNativeTarget section */
		BCD6C19428333EA00047223C /* EducationMaps */ = {
			isa = PBXNativeTarget;
			buildConfigurationList = BCD6C1BF28333EA00047223C /* Build configuration list for PBXNativeTarget "EducationMaps" */;
			buildPhases = (
				BCD6C19128333EA00047223C /* Sources */,
				BCD6C19228333EA00047223C /* Frameworks */,
				BCD6C19328333EA00047223C /* Resources */,
			);
			buildRules = (
			);
			dependencies = (
			);
			name = EducationMaps;
			productName = EducationMaps;
			productReference = BCD6C19528333EA00047223C /* EducationMaps.app */;
			productType = "com.apple.product-type.application";
		};
		BCD6C1AA28333EA00047223C /* EducationMapsTests */ = {
			isa = PBXNativeTarget;
			buildConfigurationList = BCD6C1C228333EA00047223C /* Build configuration list for PBXNativeTarget "EducationMapsTests" */;
			buildPhases = (
				BCD6C1A728333EA00047223C /* Sources */,
				BCD6C1A828333EA00047223C /* Frameworks */,
				BCD6C1A928333EA00047223C /* Resources */,
			);
			buildRules = (
			);
			dependencies = (
				BCD6C1AD28333EA00047223C /* PBXTargetDependency */,
			);
			name = EducationMapsTests;
			productName = EducationMapsTests;
			productReference = BCD6C1AB28333EA00047223C /* EducationMapsTests.xctest */;
			productType = "com.apple.product-type.bundle.unit-test";
		};
		BCD6C1B428333EA00047223C /* EducationMapsUITests */ = {
			isa = PBXNativeTarget;
			buildConfigurationList = BCD6C1C528333EA00047223C /* Build configuration list for PBXNativeTarget "EducationMapsUITests" */;
			buildPhases = (
				BCD6C1B128333EA00047223C /* Sources */,
				BCD6C1B228333EA00047223C /* Frameworks */,
				BCD6C1B328333EA00047223C /* Resources */,
			);
			buildRules = (
			);
			dependencies = (
				BCD6C1B728333EA00047223C /* PBXTargetDependency */,
			);
			name = EducationMapsUITests;
			productName = EducationMapsUITests;
			productReference = BCD6C1B528333EA00047223C /* EducationMapsUITests.xctest */;
			productType = "com.apple.product-type.bundle.ui-testing";
		};
/* End PBXNativeTarget section */

/* Begin PBXProject section */
		BCD6C18D28333EA00047223C /* Project object */ = {
			isa = PBXProject;
			attributes = {
				BuildIndependentTargetsInParallel = 1;
				LastSwiftUpdateCheck = 1330;
				LastUpgradeCheck = 1330;
				TargetAttributes = {
					BCD6C19428333EA00047223C = {
						CreatedOnToolsVersion = 13.3.1;
					};
					BCD6C1AA28333EA00047223C = {
						CreatedOnToolsVersion = 13.3.1;
						TestTargetID = BCD6C19428333EA00047223C;
					};
					BCD6C1B428333EA00047223C = {
						CreatedOnToolsVersion = 13.3.1;
						TestTargetID = BCD6C19428333EA00047223C;
					};
				};
			};
			buildConfigurationList = BCD6C19028333EA00047223C /* Build configuration list for PBXProject "EducationMaps" */;
			compatibilityVersion = "Xcode 13.0";
			developmentRegion = en;
			hasScannedForEncodings = 0;
			knownRegions = (
				en,
				Base,
			);
			mainGroup = BCD6C18C28333EA00047223C;
			productRefGroup = BCD6C19628333EA00047223C /* Products */;
			projectDirPath = "";
			projectRoot = "";
			targets = (
				BCD6C19428333EA00047223C /* EducationMaps */,
				BCD6C1AA28333EA00047223C /* EducationMapsTests */,
				BCD6C1B428333EA00047223C /* EducationMapsUITests */,
			);
		};
/* End PBXProject section */

/* Begin PBXResourcesBuildPhase section */
		BCD6C19328333EA00047223C /* Resources */ = {
			isa = PBXResourcesBuildPhase;
			buildActionMask = 2147483647;
			files = (
				BCD6C1A528333EA00047223C /* LaunchScreen.storyboard in Resources */,
				BCD6C1A228333EA00047223C /* Assets.xcassets in Resources */,
				BCD6C1A028333EA00047223C /* Main.storyboard in Resources */,
			);
			runOnlyForDeploymentPostprocessing = 0;
		};
		BCD6C1A928333EA00047223C /* Resources */ = {
			isa = PBXResourcesBuildPhase;
			buildActionMask = 2147483647;
			files = (
			);
			runOnlyForDeploymentPostprocessing = 0;
		};
		BCD6C1B328333EA00047223C /* Resources */ = {
			isa = PBXResourcesBuildPhase;
			buildActionMask = 2147483647;
			files = (
			);
			runOnlyForDeploymentPostprocessing = 0;
		};
/* End PBXResourcesBuildPhase section */

/* Begin PBXSourcesBuildPhase section */
		BCD6C19128333EA00047223C /* Sources */ = {
			isa = PBXSourcesBuildPhase;
			buildActionMask = 2147483647;
			files = (
				BCD6C19D28333EA00047223C /* ViewController.swift in Sources */,
				BCD6C19928333EA00047223C /* AppDelegate.swift in Sources */,
				BCD6C19B28333EA00047223C /* SceneDelegate.swift in Sources */,
			);
			runOnlyForDeploymentPostprocessing = 0;
		};
		BCD6C1A728333EA00047223C /* Sources */ = {
			isa = PBXSourcesBuildPhase;
			buildActionMask = 2147483647;
			files = (
				BCD6C1B028333EA00047223C /* EducationMapsTests.swift in Sources */,
			);
			runOnlyForDeploymentPostprocessing = 0;
		};
		BCD6C1B128333EA00047223C /* Sources */ = {
			isa = PBXSourcesBuildPhase;
			buildActionMask = 2147483647;
			files = (
				BCD6C1BC28333EA00047223C /* EducationMapsUITestsLaunchTests.swift in Sources */,
				BCD6C1BA28333EA00047223C /* EducationMapsUITests.swift in Sources */,
			);
			runOnlyForDeploymentPostprocessing = 0;
		};
/* End PBXSourcesBuildPhase section */

/* Begin PBXTargetDependency section */
		BCD6C1AD28333EA00047223C /* PBXTargetDependency */ = {
			isa = PBXTargetDependency;
			target = BCD6C19428333EA00047223C /* EducationMaps */;
			targetProxy = BCD6C1AC28333EA00047223C /* PBXContainerItemProxy */;
		};
		BCD6C1B728333EA00047223C /* PBXTargetDependency */ = {
			isa = PBXTargetDependency;
			target = BCD6C19428333EA00047223C /* EducationMaps */;
			targetProxy = BCD6C1B628333EA00047223C /* PBXContainerItemProxy */;
		};
/* End PBXTargetDependency section */

/* Begin PBXVariantGroup section */
		BCD6C19E28333EA00047223C /* Main.storyboard */ = {
			isa = PBXVariantGroup;
			children = (
				BCD6C19F28333EA00047223C /* Base */,
			);
			name = Main.storyboard;
			sourceTree = "<group>";
		};
		BCD6C1A328333EA00047223C /* LaunchScreen.storyboard */ = {
			isa = PBXVariantGroup;
			children = (
				BCD6C1A428333EA00047223C /* Base */,
			);
			name = LaunchScreen.storyboard;
			sourceTree = "<group>";
		};
/* End PBXVariantGroup section */

/* Begin XCBuildConfiguration section */
		BCD6C1BD28333EA00047223C /* Debug */ = {
			isa = XCBuildConfiguration;
			buildSettings = {
				ALWAYS_SEARCH_USER_PATHS = NO;
				CLANG_ANALYZER_NONNULL = YES;
				CLANG_ANALYZER_NUMBER_OBJECT_CONVERSION = YES_AGGRESSIVE;
				CLANG_CXX_LANGUAGE_STANDARD = "gnu++17";
				CLANG_ENABLE_MODULES = YES;
				CLANG_ENABLE_OBJC_ARC = YES;
				CLANG_ENABLE_OBJC_WEAK = YES;
				CLANG_WARN_BLOCK_CAPTURE_AUTORELEASING = YES;
				CLANG_WARN_BOOL_CONVERSION = YES;
				CLANG_WARN_COMMA = YES;
				CLANG_WARN_CONSTANT_CONVERSION = YES;
				CLANG_WARN_DEPRECATED_OBJC_IMPLEMENTATIONS = YES;
				CLANG_WARN_DIRECT_OBJC_ISA_USAGE = YES_ERROR;
				CLANG_WARN_DOCUMENTATION_COMMENTS = YES;
				CLANG_WARN_EMPTY_BODY = YES;
				CLANG_WARN_ENUM_CONVERSION = YES;
				CLANG_WARN_INFINITE_RECURSION = YES;
				CLANG_WARN_INT_CONVERSION = YES;
				CLANG_WARN_NON_LITERAL_NULL_CONVERSION = YES;
				CLANG_WARN_OBJC_IMPLICIT_RETAIN_SELF = YES;
				CLANG_WARN_OBJC_LITERAL_CONVERSION = YES;
				CLANG_WARN_OBJC_ROOT_CLASS = YES_ERROR;
				CLANG_WARN_QUOTED_INCLUDE_IN_FRAMEWORK_HEADER = YES;
				CLANG_WARN_RANGE_LOOP_ANALYSIS = YES;
				CLANG_WARN_STRICT_PROTOTYPES = YES;
				CLANG_WARN_SUSPICIOUS_MOVE = YES;
				CLANG_WARN_UNGUARDED_AVAILABILITY = YES_AGGRESSIVE;
				CLANG_WARN_UNREACHABLE_CODE = YES;
				CLANG_WARN__DUPLICATE_METHOD_MATCH = YES;
				COPY_PHASE_STRIP = NO;
				DEBUG_INFORMATION_FORMAT = dwarf;
				ENABLE_STRICT_OBJC_MSGSEND = YES;
				ENABLE_TESTABILITY = YES;
				GCC_C_LANGUAGE_STANDARD = gnu11;
				GCC_DYNAMIC_NO_PIC = NO;
				GCC_NO_COMMON_BLOCKS = YES;
				GCC_OPTIMIZATION_LEVEL = 0;
				GCC_PREPROCESSOR_DEFINITIONS = (
					"DEBUG=1",
					"$(inherited)",
				);
				GCC_WARN_64_TO_32_BIT_CONVERSION = YES;
				GCC_WARN_ABOUT_RETURN_TYPE = YES_ERROR;
				GCC_WARN_UNDECLARED_SELECTOR = YES;
				GCC_WARN_UNINITIALIZED_AUTOS = YES_AGGRESSIVE;
				GCC_WARN_UNUSED_FUNCTION = YES;
				GCC_WARN_UNUSED_VARIABLE = YES;
				IPHONEOS_DEPLOYMENT_TARGET = 15.4;
				MTL_ENABLE_DEBUG_INFO = INCLUDE_SOURCE;
				MTL_FAST_MATH = YES;
				ONLY_ACTIVE_ARCH = YES;
				SDKROOT = iphoneos;
				SWIFT_ACTIVE_COMPILATION_CONDITIONS = DEBUG;
				SWIFT_OPTIMIZATION_LEVEL = "-Onone";
			};
			name = Debug;
		};
		BCD6C1BE28333EA00047223C /* Release */ = {
			isa = XCBuildConfiguration;
			buildSettings = {
				ALWAYS_SEARCH_USER_PATHS = NO;
				CLANG_ANALYZER_NONNULL = YES;
				CLANG_ANALYZER_NUMBER_OBJECT_CONVERSION = YES_AGGRESSIVE;
				CLANG_CXX_LANGUAGE_STANDARD = "gnu++17";
				CLANG_ENABLE_MODULES = YES;
				CLANG_ENABLE_OBJC_ARC = YES;
				CLANG_ENABLE_OBJC_WEAK = YES;
				CLANG_WARN_BLOCK_CAPTURE_AUTORELEASING = YES;
				CLANG_WARN_BOOL_CONVERSION = YES;
				CLANG_WARN_COMMA = YES;
				CLANG_WARN_CONSTANT_CONVERSION = YES;
				CLANG_WARN_DEPRECATED_OBJC_IMPLEMENTATIONS = YES;
				CLANG_WARN_DIRECT_OBJC_ISA_USAGE = YES_ERROR;
				CLANG_WARN_DOCUMENTATION_COMMENTS = YES;
				CLANG_WARN_EMPTY_BODY = YES;
				CLANG_WARN_ENUM_CONVERSION = YES;
				CLANG_WARN_INFINITE_RECURSION = YES;
				CLANG_WARN_INT_CONVERSION = YES;
				CLANG_WARN_NON_LITERAL_NULL_CONVERSION = YES;
				CLANG_WARN_OBJC_IMPLICIT_RETAIN_SELF = YES;
				CLANG_WARN_OBJC_LITERAL_CONVERSION = YES;
				CLANG_WARN_OBJC_ROOT_CLASS = YES_ERROR;
				CLANG_WARN_QUOTED_INCLUDE_IN_FRAMEWORK_HEADER = YES;
				CLANG_WARN_RANGE_LOOP_ANALYSIS = YES;
				CLANG_WARN_STRICT_PROTOTYPES = YES;
				CLANG_WARN_SUSPICIOUS_MOVE = YES;
				CLANG_WARN_UNGUARDED_AVAILABILITY = YES_AGGRESSIVE;
				CLANG_WARN_UNREACHABLE_CODE = YES;
				CLANG_WARN__DUPLICATE_METHOD_MATCH = YES;
				COPY_PHASE_STRIP = NO;
				DEBUG_INFORMATION_FORMAT = "dwarf-with-dsym";
				ENABLE_NS_ASSERTIONS = NO;
				ENABLE_STRICT_OBJC_MSGSEND = YES;
				GCC_C_LANGUAGE_STANDARD = gnu11;
				GCC_NO_COMMON_BLOCKS = YES;
				GCC_WARN_64_TO_32_BIT_CONVERSION = YES;
				GCC_WARN_ABOUT_RETURN_TYPE = YES_ERROR;
				GCC_WARN_UNDECLARED_SELECTOR = YES;
				GCC_WARN_UNINITIALIZED_AUTOS = YES_AGGRESSIVE;
				GCC_WARN_UNUSED_FUNCTION = YES;
				GCC_WARN_UNUSED_VARIABLE = YES;
				IPHONEOS_DEPLOYMENT_TARGET = 15.4;
				MTL_ENABLE_DEBUG_INFO = NO;
				MTL_FAST_MATH = YES;
				SDKROOT = iphoneos;
				SWIFT_COMPILATION_MODE = wholemodule;
				SWIFT_OPTIMIZATION_LEVEL = "-O";
				VALIDATE_PRODUCT = YES;
			};
			name = Release;
		};
		BCD6C1C028333EA00047223C /* Debug */ = {
			isa = XCBuildConfiguration;
			buildSettings = {
				ASSETCATALOG_COMPILER_APPICON_NAME = AppIcon;
				ASSETCATALOG_COMPILER_GLOBAL_ACCENT_COLOR_NAME = AccentColor;
				CODE_SIGN_STYLE = Automatic;
				CURRENT_PROJECT_VERSION = 1;
				DEVELOPMENT_TEAM = 6577GL836W;
				GENERATE_INFOPLIST_FILE = YES;
				INFOPLIST_FILE = EducationMaps/Info.plist;
				INFOPLIST_KEY_UIApplicationSupportsIndirectInputEvents = YES;
				INFOPLIST_KEY_UILaunchStoryboardName = LaunchScreen;
				INFOPLIST_KEY_UIMainStoryboardFile = Main;
				INFOPLIST_KEY_UISupportedInterfaceOrientations_iPad = "UIInterfaceOrientationPortrait UIInterfaceOrientationPortraitUpsideDown UIInterfaceOrientationLandscapeLeft UIInterfaceOrientationLandscapeRight";
				INFOPLIST_KEY_UISupportedInterfaceOrientations_iPhone = "UIInterfaceOrientationPortrait UIInterfaceOrientationLandscapeLeft UIInterfaceOrientationLandscapeRight";
				LD_RUNPATH_SEARCH_PATHS = (
					"$(inherited)",
					"@executable_path/Frameworks",
				);
				MARKETING_VERSION = 1.0;
				PRODUCT_BUNDLE_IDENTIFIER = myOrganization.EducationMaps;
				PRODUCT_NAME = "$(TARGET_NAME)";
				SWIFT_EMIT_LOC_STRINGS = YES;
				SWIFT_VERSION = 5.0;
				TARGETED_DEVICE_FAMILY = "1,2";
			};
			name = Debug;
		};
		BCD6C1C128333EA00047223C /* Release */ = {
			isa = XCBuildConfiguration;
			buildSettings = {
				ASSETCATALOG_COMPILER_APPICON_NAME = AppIcon;
				ASSETCATALOG_COMPILER_GLOBAL_ACCENT_COLOR_NAME = AccentColor;
				CODE_SIGN_STYLE = Automatic;
				CURRENT_PROJECT_VERSION = 1;
				DEVELOPMENT_TEAM = 6577GL836W;
				GENERATE_INFOPLIST_FILE = YES;
				INFOPLIST_FILE = EducationMaps/Info.plist;
				INFOPLIST_KEY_UIApplicationSupportsIndirectInputEvents = YES;
				INFOPLIST_KEY_UILaunchStoryboardName = LaunchScreen;
				INFOPLIST_KEY_UIMainStoryboardFile = Main;
				INFOPLIST_KEY_UISupportedInterfaceOrientations_iPad = "UIInterfaceOrientationPortrait UIInterfaceOrientationPortraitUpsideDown UIInterfaceOrientationLandscapeLeft UIInterfaceOrientationLandscapeRight";
				INFOPLIST_KEY_UISupportedInterfaceOrientations_iPhone = "UIInterfaceOrientationPortrait UIInterfaceOrientationLandscapeLeft UIInterfaceOrientationLandscapeRight";
				LD_RUNPATH_SEARCH_PATHS = (
					"$(inherited)",
					"@executable_path/Frameworks",
				);
				MARKETING_VERSION = 1.0;
				PRODUCT_BUNDLE_IDENTIFIER = myOrganization.EducationMaps;
				PRODUCT_NAME = "$(TARGET_NAME)";
				SWIFT_EMIT_LOC_STRINGS = YES;
				SWIFT_VERSION = 5.0;
				TARGETED_DEVICE_FAMILY = "1,2";
			};
			name = Release;
		};
		BCD6C1C328333EA00047223C /* Debug */ = {
			isa = XCBuildConfiguration;
			buildSettings = {
				ALWAYS_EMBED_SWIFT_STANDARD_LIBRARIES = YES;
				BUNDLE_LOADER = "$(TEST_HOST)";
				CODE_SIGN_STYLE = Automatic;
				CURRENT_PROJECT_VERSION = 1;
				DEVELOPMENT_TEAM = 6577GL836W;
				GENERATE_INFOPLIST_FILE = YES;
				IPHONEOS_DEPLOYMENT_TARGET = 15.4;
				MARKETING_VERSION = 1.0;
				PRODUCT_BUNDLE_IDENTIFIER = myOrganization.EducationMapsTests;
				PRODUCT_NAME = "$(TARGET_NAME)";
				SWIFT_EMIT_LOC_STRINGS = NO;
				SWIFT_VERSION = 5.0;
				TARGETED_DEVICE_FAMILY = "1,2";
				TEST_HOST = "$(BUILT_PRODUCTS_DIR)/EducationMaps.app/EducationMaps";
			};
			name = Debug;
		};
		BCD6C1C428333EA00047223C /* Release */ = {
			isa = XCBuildConfiguration;
			buildSettings = {
				ALWAYS_EMBED_SWIFT_STANDARD_LIBRARIES = YES;
				BUNDLE_LOADER = "$(TEST_HOST)";
				CODE_SIGN_STYLE = Automatic;
				CURRENT_PROJECT_VERSION = 1;
				DEVELOPMENT_TEAM = 6577GL836W;
				GENERATE_INFOPLIST_FILE = YES;
				IPHONEOS_DEPLOYMENT_TARGET = 15.4;
				MARKETING_VERSION = 1.0;
				PRODUCT_BUNDLE_IDENTIFIER = myOrganization.EducationMapsTests;
				PRODUCT_NAME = "$(TARGET_NAME)";
				SWIFT_EMIT_LOC_STRINGS = NO;
				SWIFT_VERSION = 5.0;
				TARGETED_DEVICE_FAMILY = "1,2";
				TEST_HOST = "$(BUILT_PRODUCTS_DIR)/EducationMaps.app/EducationMaps";
			};
			name = Release;
		};
		BCD6C1C628333EA00047223C /* Debug */ = {
			isa = XCBuildConfiguration;
			buildSettings = {
				ALWAYS_EMBED_SWIFT_STANDARD_LIBRARIES = YES;
				CODE_SIGN_STYLE = Automatic;
				CURRENT_PROJECT_VERSION = 1;
				DEVELOPMENT_TEAM = 6577GL836W;
				GENERATE_INFOPLIST_FILE = YES;
				MARKETING_VERSION = 1.0;
				PRODUCT_BUNDLE_IDENTIFIER = myOrganization.EducationMapsUITests;
				PRODUCT_NAME = "$(TARGET_NAME)";
				SWIFT_EMIT_LOC_STRINGS = NO;
				SWIFT_VERSION = 5.0;
				TARGETED_DEVICE_FAMILY = "1,2";
				TEST_TARGET_NAME = EducationMaps;
			};
			name = Debug;
		};
		BCD6C1C728333EA00047223C /* Release */ = {
			isa = XCBuildConfiguration;
			buildSettings = {
				ALWAYS_EMBED_SWIFT_STANDARD_LIBRARIES = YES;
				CODE_SIGN_STYLE = Automatic;
				CURRENT_PROJECT_VERSION = 1;
				DEVELOPMENT_TEAM = 6577GL836W;
				GENERATE_INFOPLIST_FILE = YES;
				MARKETING_VERSION = 1.0;
				PRODUCT_BUNDLE_IDENTIFIER = myOrganization.EducationMapsUITests;
				PRODUCT_NAME = "$(TARGET_NAME)";
				SWIFT_EMIT_LOC_STRINGS = NO;
				SWIFT_VERSION = 5.0;
				TARGETED_DEVICE_FAMILY = "1,2";
				TEST_TARGET_NAME = EducationMaps;
			};
			name = Release;
		};
/* End XCBuildConfiguration section */

/* Begin XCConfigurationList section */
		BCD6C19028333EA00047223C /* Build configuration list for PBXProject "EducationMaps" */ = {
			isa = XCConfigurationList;
			buildConfigurations = (
				BCD6C1BD28333EA00047223C /* Debug */,
				BCD6C1BE28333EA00047223C /* Release */,
			);
			defaultConfigurationIsVisible = 0;
			defaultConfigurationName = Release;
		};
		BCD6C1BF28333EA00047223C /* Build configuration list for PBXNativeTarget "EducationMaps" */ = {
			isa = XCConfigurationList;
			buildConfigurations = (
				BCD6C1C028333EA00047223C /* Debug */,
				BCD6C1C128333EA00047223C /* Release */,
			);
			defaultConfigurationIsVisible = 0;
			defaultConfigurationName = Release;
		};
		BCD6C1C228333EA00047223C /* Build configuration list for PBXNativeTarget "EducationMapsTests" */ = {
			isa = XCConfigurationList;
			buildConfigurations = (
				BCD6C1C328333EA00047223C /* Debug */,
				BCD6C1C428333EA00047223C /* Release */,
			);
			defaultConfigurationIsVisible = 0;
			defaultConfigurationName = Release;
		};
		BCD6C1C528333EA00047223C /* Build configuration list for PBXNativeTarget "EducationMapsUITests" */ = {
			isa = XCConfigurationList;
			buildConfigurations = (
				BCD6C1C628333EA00047223C /* Debug */,
				BCD6C1C728333EA00047223C /* Release */,
			);
			defaultConfigurationIsVisible = 0;
			defaultConfigurationName = Release;
		};
/* End XCConfigurationList section */
	};
	rootObject = BCD6C18D28333EA00047223C /* Project object */;
}
